// !$*UTF8*$!
{
	archiveVersion = 1;
	classes = {
	};
	objectVersion = 50;
	objects = {

/* Begin PBXBuildFile section */
		1864301A22F21AB8001796C4 /* SetGoalsViewContrtoller.swift in Sources */ = {isa = PBXBuildFile; fileRef = 1864301922F21AB8001796C4 /* SetGoalsViewContrtoller.swift */; };
		1864301C22F21ACA001796C4 /* RaceViewController.swift in Sources */ = {isa = PBXBuildFile; fileRef = 1864301B22F21ACA001796C4 /* RaceViewController.swift */; };
		1864301E22F21AD9001796C4 /* GenderViewController.swift in Sources */ = {isa = PBXBuildFile; fileRef = 1864301D22F21AD9001796C4 /* GenderViewController.swift */; };
		1864302022F21AE8001796C4 /* AbilitiesViewController.swift in Sources */ = {isa = PBXBuildFile; fileRef = 1864301F22F21AE8001796C4 /* AbilitiesViewController.swift */; };
		1864302222F21AF6001796C4 /* OrientationViewController.swift in Sources */ = {isa = PBXBuildFile; fileRef = 1864302122F21AF6001796C4 /* OrientationViewController.swift */; };
		1864303622F3572A001796C4 /* GeneralViewController.swift in Sources */ = {isa = PBXBuildFile; fileRef = 1864303522F3572A001796C4 /* GeneralViewController.swift */; };
		1864303822F3708E001796C4 /* MainViewController.swift in Sources */ = {isa = PBXBuildFile; fileRef = 1864303722F3708D001796C4 /* MainViewController.swift */; };
		18E2719F22F1ED9300A65C40 /* AppDelegate.swift in Sources */ = {isa = PBXBuildFile; fileRef = 18E2719E22F1ED9300A65C40 /* AppDelegate.swift */; };
		18E271A422F1ED9300A65C40 /* Main.storyboard in Resources */ = {isa = PBXBuildFile; fileRef = 18E271A222F1ED9300A65C40 /* Main.storyboard */; };
		18E271A722F1ED9300A65C40 /* UNbias.xcdatamodeld in Sources */ = {isa = PBXBuildFile; fileRef = 18E271A522F1ED9300A65C40 /* UNbias.xcdatamodeld */; };
		18E271A922F1ED9500A65C40 /* Assets.xcassets in Resources */ = {isa = PBXBuildFile; fileRef = 18E271A822F1ED9500A65C40 /* Assets.xcassets */; };
		18E271AC22F1ED9500A65C40 /* LaunchScreen.storyboard in Resources */ = {isa = PBXBuildFile; fileRef = 18E271AA22F1ED9500A65C40 /* LaunchScreen.storyboard */; };
		18E271B722F1ED9500A65C40 /* UNbiasTests.swift in Sources */ = {isa = PBXBuildFile; fileRef = 18E271B622F1ED9500A65C40 /* UNbiasTests.swift */; };
		18E271C222F1ED9500A65C40 /* UNbiasUITests.swift in Sources */ = {isa = PBXBuildFile; fileRef = 18E271C122F1ED9500A65C40 /* UNbiasUITests.swift */; };
		18E7C6B522F3759900586D55 /* ReallySimpleNote.swift in Sources */ = {isa = PBXBuildFile; fileRef = 18E7C6AF22F3759800586D55 /* ReallySimpleNote.swift */; };
		18E7C6B622F3759900586D55 /* ReallySimpleNoteStorage.swift in Sources */ = {isa = PBXBuildFile; fileRef = 18E7C6B122F3759900586D55 /* ReallySimpleNoteStorage.swift */; };
		18E7C6B722F3759900586D55 /* ReallySimpleNoteDateHelper.swift in Sources */ = {isa = PBXBuildFile; fileRef = 18E7C6B322F3759900586D55 /* ReallySimpleNoteDateHelper.swift */; };
		18E7C6B822F3759900586D55 /* ReallySimpleNoteCoreDataHelper.swift in Sources */ = {isa = PBXBuildFile; fileRef = 18E7C6B422F3759900586D55 /* ReallySimpleNoteCoreDataHelper.swift */; };
		18E7C6BD22F375B900586D55 /* MasterViewController.swift in Sources */ = {isa = PBXBuildFile; fileRef = 18E7C6B922F375B900586D55 /* MasterViewController.swift */; };
		18E7C6BE22F375B900586D55 /* ReallySimpleNoteCreateChangeViewController.swift in Sources */ = {isa = PBXBuildFile; fileRef = 18E7C6BA22F375B900586D55 /* ReallySimpleNoteCreateChangeViewController.swift */; };
		18E7C6BF22F375B900586D55 /* DetailViewController.swift in Sources */ = {isa = PBXBuildFile; fileRef = 18E7C6BB22F375B900586D55 /* DetailViewController.swift */; };
		18E7C6C022F375B900586D55 /* ReallySimpleNoteUITableViewCell.swift in Sources */ = {isa = PBXBuildFile; fileRef = 18E7C6BC22F375B900586D55 /* ReallySimpleNoteUITableViewCell.swift */; };
/* End PBXBuildFile section */

/* Begin PBXContainerItemProxy section */
		18E271B322F1ED9500A65C40 /* PBXContainerItemProxy */ = {
			isa = PBXContainerItemProxy;
			containerPortal = 18E2719322F1ED9300A65C40 /* Project object */;
			proxyType = 1;
			remoteGlobalIDString = 18E2719A22F1ED9300A65C40;
			remoteInfo = UNbias;
		};
		18E271BE22F1ED9500A65C40 /* PBXContainerItemProxy */ = {
			isa = PBXContainerItemProxy;
			containerPortal = 18E2719322F1ED9300A65C40 /* Project object */;
			proxyType = 1;
			remoteGlobalIDString = 18E2719A22F1ED9300A65C40;
			remoteInfo = UNbias;
		};
/* End PBXContainerItemProxy section */

/* Begin PBXFileReference section */
		1864301922F21AB8001796C4 /* SetGoalsViewContrtoller.swift */ = {isa = PBXFileReference; lastKnownFileType = sourcecode.swift; path = SetGoalsViewContrtoller.swift; sourceTree = "<group>"; };
		1864301B22F21ACA001796C4 /* RaceViewController.swift */ = {isa = PBXFileReference; lastKnownFileType = sourcecode.swift; path = RaceViewController.swift; sourceTree = "<group>"; };
		1864301D22F21AD9001796C4 /* GenderViewController.swift */ = {isa = PBXFileReference; lastKnownFileType = sourcecode.swift; path = GenderViewController.swift; sourceTree = "<group>"; };
		1864301F22F21AE8001796C4 /* AbilitiesViewController.swift */ = {isa = PBXFileReference; lastKnownFileType = sourcecode.swift; path = AbilitiesViewController.swift; sourceTree = "<group>"; };
		1864302122F21AF6001796C4 /* OrientationViewController.swift */ = {isa = PBXFileReference; lastKnownFileType = sourcecode.swift; path = OrientationViewController.swift; sourceTree = "<group>"; };
		1864303522F3572A001796C4 /* GeneralViewController.swift */ = {isa = PBXFileReference; lastKnownFileType = sourcecode.swift; path = GeneralViewController.swift; sourceTree = "<group>"; };
		1864303722F3708D001796C4 /* MainViewController.swift */ = {isa = PBXFileReference; lastKnownFileType = sourcecode.swift; path = MainViewController.swift; sourceTree = "<group>"; };
		18E2719B22F1ED9300A65C40 /* UNbias.app */ = {isa = PBXFileReference; explicitFileType = wrapper.application; includeInIndex = 0; path = UNbias.app; sourceTree = BUILT_PRODUCTS_DIR; };
		18E2719E22F1ED9300A65C40 /* AppDelegate.swift */ = {isa = PBXFileReference; lastKnownFileType = sourcecode.swift; path = AppDelegate.swift; sourceTree = "<group>"; };
		18E271A322F1ED9300A65C40 /* Base */ = {isa = PBXFileReference; lastKnownFileType = file.storyboard; name = Base; path = Base.lproj/Main.storyboard; sourceTree = "<group>"; };
		18E271A622F1ED9300A65C40 /* UNbias.xcdatamodel */ = {isa = PBXFileReference; lastKnownFileType = wrapper.xcdatamodel; path = UNbias.xcdatamodel; sourceTree = "<group>"; };
		18E271A822F1ED9500A65C40 /* Assets.xcassets */ = {isa = PBXFileReference; lastKnownFileType = folder.assetcatalog; path = Assets.xcassets; sourceTree = "<group>"; };
		18E271AB22F1ED9500A65C40 /* Base */ = {isa = PBXFileReference; lastKnownFileType = file.storyboard; name = Base; path = Base.lproj/LaunchScreen.storyboard; sourceTree = "<group>"; };
		18E271AD22F1ED9500A65C40 /* Info.plist */ = {isa = PBXFileReference; lastKnownFileType = text.plist.xml; path = Info.plist; sourceTree = "<group>"; };
		18E271B222F1ED9500A65C40 /* UNbiasTests.xctest */ = {isa = PBXFileReference; explicitFileType = wrapper.cfbundle; includeInIndex = 0; path = UNbiasTests.xctest; sourceTree = BUILT_PRODUCTS_DIR; };
		18E271B622F1ED9500A65C40 /* UNbiasTests.swift */ = {isa = PBXFileReference; lastKnownFileType = sourcecode.swift; path = UNbiasTests.swift; sourceTree = "<group>"; };
		18E271B822F1ED9500A65C40 /* Info.plist */ = {isa = PBXFileReference; lastKnownFileType = text.plist.xml; path = Info.plist; sourceTree = "<group>"; };
		18E271BD22F1ED9500A65C40 /* UNbiasUITests.xctest */ = {isa = PBXFileReference; explicitFileType = wrapper.cfbundle; includeInIndex = 0; path = UNbiasUITests.xctest; sourceTree = BUILT_PRODUCTS_DIR; };
		18E271C122F1ED9500A65C40 /* UNbiasUITests.swift */ = {isa = PBXFileReference; lastKnownFileType = sourcecode.swift; path = UNbiasUITests.swift; sourceTree = "<group>"; };
		18E271C322F1ED9500A65C40 /* Info.plist */ = {isa = PBXFileReference; lastKnownFileType = text.plist.xml; path = Info.plist; sourceTree = "<group>"; };
		18E7C6AF22F3759800586D55 /* ReallySimpleNote.swift */ = {isa = PBXFileReference; fileEncoding = 4; lastKnownFileType = sourcecode.swift; path = ReallySimpleNote.swift; sourceTree = "<group>"; };
		18E7C6B122F3759900586D55 /* ReallySimpleNoteStorage.swift */ = {isa = PBXFileReference; fileEncoding = 4; lastKnownFileType = sourcecode.swift; path = ReallySimpleNoteStorage.swift; sourceTree = "<group>"; };
		18E7C6B322F3759900586D55 /* ReallySimpleNoteDateHelper.swift */ = {isa = PBXFileReference; fileEncoding = 4; lastKnownFileType = sourcecode.swift; path = ReallySimpleNoteDateHelper.swift; sourceTree = "<group>"; };
		18E7C6B422F3759900586D55 /* ReallySimpleNoteCoreDataHelper.swift */ = {isa = PBXFileReference; fileEncoding = 4; lastKnownFileType = sourcecode.swift; path = ReallySimpleNoteCoreDataHelper.swift; sourceTree = "<group>"; };
		18E7C6B922F375B900586D55 /* MasterViewController.swift */ = {isa = PBXFileReference; fileEncoding = 4; lastKnownFileType = sourcecode.swift; name = MasterViewController.swift; path = "../../journal-Outline/rsnt-really-simple-note-taking-ios/UI/MasterViewController.swift"; sourceTree = "<group>"; };
		18E7C6BA22F375B900586D55 /* ReallySimpleNoteCreateChangeViewController.swift */ = {isa = PBXFileReference; fileEncoding = 4; lastKnownFileType = sourcecode.swift; name = ReallySimpleNoteCreateChangeViewController.swift; path = "../../journal-Outline/rsnt-really-simple-note-taking-ios/UI/ReallySimpleNoteCreateChangeViewController.swift"; sourceTree = "<group>"; };
		18E7C6BB22F375B900586D55 /* DetailViewController.swift */ = {isa = PBXFileReference; fileEncoding = 4; lastKnownFileType = sourcecode.swift; name = DetailViewController.swift; path = "../../journal-Outline/rsnt-really-simple-note-taking-ios/UI/DetailViewController.swift"; sourceTree = "<group>"; };
		18E7C6BC22F375B900586D55 /* ReallySimpleNoteUITableViewCell.swift */ = {isa = PBXFileReference; fileEncoding = 4; lastKnownFileType = sourcecode.swift; name = ReallySimpleNoteUITableViewCell.swift; path = "../../journal-Outline/rsnt-really-simple-note-taking-ios/UI/ReallySimpleNoteUITableViewCell.swift"; sourceTree = "<group>"; };
/* End PBXFileReference section */

/* Begin PBXFrameworksBuildPhase section */
		18E2719822F1ED9300A65C40 /* Frameworks */ = {
			isa = PBXFrameworksBuildPhase;
			buildActionMask = 2147483647;
			files = (
			);
			runOnlyForDeploymentPostprocessing = 0;
		};
		18E271AF22F1ED9500A65C40 /* Frameworks */ = {
			isa = PBXFrameworksBuildPhase;
			buildActionMask = 2147483647;
			files = (
			);
			runOnlyForDeploymentPostprocessing = 0;
		};
		18E271BA22F1ED9500A65C40 /* Frameworks */ = {
			isa = PBXFrameworksBuildPhase;
			buildActionMask = 2147483647;
			files = (
			);
			runOnlyForDeploymentPostprocessing = 0;
		};
/* End PBXFrameworksBuildPhase section */

/* Begin PBXGroup section */
		18E2719222F1ED9300A65C40 = {
			isa = PBXGroup;
			children = (
				18E2719D22F1ED9300A65C40 /* UNbias */,
				18E271B522F1ED9500A65C40 /* UNbiasTests */,
				18E271C022F1ED9500A65C40 /* UNbiasUITests */,
				18E2719C22F1ED9300A65C40 /* Products */,
				18E7C6AE22F3759800586D55 /* Note */,
				18E7C6B022F3759900586D55 /* Storage */,
				18E7C6B222F3759900586D55 /* Helpers */,
			);
			sourceTree = "<group>";
		};
		18E2719C22F1ED9300A65C40 /* Products */ = {
			isa = PBXGroup;
			children = (
				18E2719B22F1ED9300A65C40 /* UNbias.app */,
				18E271B222F1ED9500A65C40 /* UNbiasTests.xctest */,
				18E271BD22F1ED9500A65C40 /* UNbiasUITests.xctest */,
			);
			name = Products;
			sourceTree = "<group>";
		};
		18E2719D22F1ED9300A65C40 /* UNbias */ = {
			isa = PBXGroup;
			children = (
				18E2719E22F1ED9300A65C40 /* AppDelegate.swift */,
				18E271A222F1ED9300A65C40 /* Main.storyboard */,
				1864303722F3708D001796C4 /* MainViewController.swift */,
				1864301922F21AB8001796C4 /* SetGoalsViewContrtoller.swift */,
				1864303522F3572A001796C4 /* GeneralViewController.swift */,
				1864301B22F21ACA001796C4 /* RaceViewController.swift */,
				1864301D22F21AD9001796C4 /* GenderViewController.swift */,
				1864301F22F21AE8001796C4 /* AbilitiesViewController.swift */,
				1864302122F21AF6001796C4 /* OrientationViewController.swift */,
				18E7C6BB22F375B900586D55 /* DetailViewController.swift */,
				18E7C6B922F375B900586D55 /* MasterViewController.swift */,
				18E7C6BA22F375B900586D55 /* ReallySimpleNoteCreateChangeViewController.swift */,
				18E7C6BC22F375B900586D55 /* ReallySimpleNoteUITableViewCell.swift */,
				18E271A822F1ED9500A65C40 /* Assets.xcassets */,
				18E271AA22F1ED9500A65C40 /* LaunchScreen.storyboard */,
				18E271AD22F1ED9500A65C40 /* Info.plist */,
				18E271A522F1ED9300A65C40 /* UNbias.xcdatamodeld */,
			);
			path = UNbias;
			sourceTree = "<group>";
		};
		18E271B522F1ED9500A65C40 /* UNbiasTests */ = {
			isa = PBXGroup;
			children = (
				18E271B622F1ED9500A65C40 /* UNbiasTests.swift */,
				18E271B822F1ED9500A65C40 /* Info.plist */,
			);
			path = UNbiasTests;
			sourceTree = "<group>";
		};
		18E271C022F1ED9500A65C40 /* UNbiasUITests */ = {
			isa = PBXGroup;
			children = (
				18E271C122F1ED9500A65C40 /* UNbiasUITests.swift */,
				18E271C322F1ED9500A65C40 /* Info.plist */,
			);
			path = UNbiasUITests;
			sourceTree = "<group>";
		};
		18E7C6AE22F3759800586D55 /* Note */ = {
			isa = PBXGroup;
			children = (
				18E7C6AF22F3759800586D55 /* ReallySimpleNote.swift */,
			);
			name = Note;
			path = "../journal-Outline/rsnt-really-simple-note-taking-ios/Note";
			sourceTree = "<group>";
		};
		18E7C6B022F3759900586D55 /* Storage */ = {
			isa = PBXGroup;
			children = (
				18E7C6B122F3759900586D55 /* ReallySimpleNoteStorage.swift */,
			);
			name = Storage;
			path = "../journal-Outline/rsnt-really-simple-note-taking-ios/Storage";
			sourceTree = "<group>";
		};
		18E7C6B222F3759900586D55 /* Helpers */ = {
			isa = PBXGroup;
			children = (
				18E7C6B322F3759900586D55 /* ReallySimpleNoteDateHelper.swift */,
				18E7C6B422F3759900586D55 /* ReallySimpleNoteCoreDataHelper.swift */,
			);
			name = Helpers;
			path = "../journal-Outline/rsnt-really-simple-note-taking-ios/Helpers";
			sourceTree = "<group>";
		};
/* End PBXGroup section */

/* Begin PBXNativeTarget section */
		18E2719A22F1ED9300A65C40 /* UNbias */ = {
			isa = PBXNativeTarget;
			buildConfigurationList = 18E271C622F1ED9500A65C40 /* Build configuration list for PBXNativeTarget "UNbias" */;
			buildPhases = (
				18E2719722F1ED9300A65C40 /* Sources */,
				18E2719822F1ED9300A65C40 /* Frameworks */,
				18E2719922F1ED9300A65C40 /* Resources */,
			);
			buildRules = (
			);
			dependencies = (
			);
			name = UNbias;
			productName = UNbias;
			productReference = 18E2719B22F1ED9300A65C40 /* UNbias.app */;
			productType = "com.apple.product-type.application";
		};
		18E271B122F1ED9500A65C40 /* UNbiasTests */ = {
			isa = PBXNativeTarget;
			buildConfigurationList = 18E271C922F1ED9500A65C40 /* Build configuration list for PBXNativeTarget "UNbiasTests" */;
			buildPhases = (
				18E271AE22F1ED9500A65C40 /* Sources */,
				18E271AF22F1ED9500A65C40 /* Frameworks */,
				18E271B022F1ED9500A65C40 /* Resources */,
			);
			buildRules = (
			);
			dependencies = (
				18E271B422F1ED9500A65C40 /* PBXTargetDependency */,
			);
			name = UNbiasTests;
			productName = UNbiasTests;
			productReference = 18E271B222F1ED9500A65C40 /* UNbiasTests.xctest */;
			productType = "com.apple.product-type.bundle.unit-test";
		};
		18E271BC22F1ED9500A65C40 /* UNbiasUITests */ = {
			isa = PBXNativeTarget;
			buildConfigurationList = 18E271CC22F1ED9500A65C40 /* Build configuration list for PBXNativeTarget "UNbiasUITests" */;
			buildPhases = (
				18E271B922F1ED9500A65C40 /* Sources */,
				18E271BA22F1ED9500A65C40 /* Frameworks */,
				18E271BB22F1ED9500A65C40 /* Resources */,
			);
			buildRules = (
			);
			dependencies = (
				18E271BF22F1ED9500A65C40 /* PBXTargetDependency */,
			);
			name = UNbiasUITests;
			productName = UNbiasUITests;
			productReference = 18E271BD22F1ED9500A65C40 /* UNbiasUITests.xctest */;
			productType = "com.apple.product-type.bundle.ui-testing";
		};
/* End PBXNativeTarget section */

/* Begin PBXProject section */
		18E2719322F1ED9300A65C40 /* Project object */ = {
			isa = PBXProject;
			attributes = {
				LastSwiftUpdateCheck = 1020;
				LastUpgradeCheck = 1020;
				ORGANIZATIONNAME = Apple;
				TargetAttributes = {
					18E2719A22F1ED9300A65C40 = {
						CreatedOnToolsVersion = 10.2.1;
					};
					18E271B122F1ED9500A65C40 = {
						CreatedOnToolsVersion = 10.2.1;
						TestTargetID = 18E2719A22F1ED9300A65C40;
					};
					18E271BC22F1ED9500A65C40 = {
						CreatedOnToolsVersion = 10.2.1;
						TestTargetID = 18E2719A22F1ED9300A65C40;
					};
				};
			};
			buildConfigurationList = 18E2719622F1ED9300A65C40 /* Build configuration list for PBXProject "UNbias" */;
			compatibilityVersion = "Xcode 9.3";
			developmentRegion = en;
			hasScannedForEncodings = 0;
			knownRegions = (
				en,
				Base,
			);
			mainGroup = 18E2719222F1ED9300A65C40;
			productRefGroup = 18E2719C22F1ED9300A65C40 /* Products */;
			projectDirPath = "";
			projectRoot = "";
			targets = (
				18E2719A22F1ED9300A65C40 /* UNbias */,
				18E271B122F1ED9500A65C40 /* UNbiasTests */,
				18E271BC22F1ED9500A65C40 /* UNbiasUITests */,
			);
		};
/* End PBXProject section */

/* Begin PBXResourcesBuildPhase section */
		18E2719922F1ED9300A65C40 /* Resources */ = {
			isa = PBXResourcesBuildPhase;
			buildActionMask = 2147483647;
			files = (
				18E271AC22F1ED9500A65C40 /* LaunchScreen.storyboard in Resources */,
				18E271A922F1ED9500A65C40 /* Assets.xcassets in Resources */,
				18E271A422F1ED9300A65C40 /* Main.storyboard in Resources */,
			);
			runOnlyForDeploymentPostprocessing = 0;
		};
		18E271B022F1ED9500A65C40 /* Resources */ = {
			isa = PBXResourcesBuildPhase;
			buildActionMask = 2147483647;
			files = (
			);
			runOnlyForDeploymentPostprocessing = 0;
		};
		18E271BB22F1ED9500A65C40 /* Resources */ = {
			isa = PBXResourcesBuildPhase;
			buildActionMask = 2147483647;
			files = (
			);
			runOnlyForDeploymentPostprocessing = 0;
		};
/* End PBXResourcesBuildPhase section */

/* Begin PBXSourcesBuildPhase section */
		18E2719722F1ED9300A65C40 /* Sources */ = {
			isa = PBXSourcesBuildPhase;
			buildActionMask = 2147483647;
			files = (
				18E7C6B522F3759900586D55 /* ReallySimpleNote.swift in Sources */,
				1864302022F21AE8001796C4 /* AbilitiesViewController.swift in Sources */,
				1864301A22F21AB8001796C4 /* SetGoalsViewContrtoller.swift in Sources */,
				18E7C6B822F3759900586D55 /* ReallySimpleNoteCoreDataHelper.swift in Sources */,
				1864303822F3708E001796C4 /* MainViewController.swift in Sources */,
				1864301C22F21ACA001796C4 /* RaceViewController.swift in Sources */,
				18E7C6BE22F375B900586D55 /* ReallySimpleNoteCreateChangeViewController.swift in Sources */,
				18E7C6BF22F375B900586D55 /* DetailViewController.swift in Sources */,
				1864301E22F21AD9001796C4 /* GenderViewController.swift in Sources */,
				1864302222F21AF6001796C4 /* OrientationViewController.swift in Sources */,
				18E271A722F1ED9300A65C40 /* UNbias.xcdatamodeld in Sources */,
				18E7C6C022F375B900586D55 /* ReallySimpleNoteUITableViewCell.swift in Sources */,
				18E7C6B722F3759900586D55 /* ReallySimpleNoteDateHelper.swift in Sources */,
				1864303622F3572A001796C4 /* GeneralViewController.swift in Sources */,
				18E2719F22F1ED9300A65C40 /* AppDelegate.swift in Sources */,
				18E7C6BD22F375B900586D55 /* MasterViewController.swift in Sources */,
				18E7C6B622F3759900586D55 /* ReallySimpleNoteStorage.swift in Sources */,
			);
			runOnlyForDeploymentPostprocessing = 0;
		};
		18E271AE22F1ED9500A65C40 /* Sources */ = {
			isa = PBXSourcesBuildPhase;
			buildActionMask = 2147483647;
			files = (
				18E271B722F1ED9500A65C40 /* UNbiasTests.swift in Sources */,
			);
			runOnlyForDeploymentPostprocessing = 0;
		};
		18E271B922F1ED9500A65C40 /* Sources */ = {
			isa = PBXSourcesBuildPhase;
			buildActionMask = 2147483647;
			files = (
				18E271C222F1ED9500A65C40 /* UNbiasUITests.swift in Sources */,
			);
			runOnlyForDeploymentPostprocessing = 0;
		};
/* End PBXSourcesBuildPhase section */

/* Begin PBXTargetDependency section */
		18E271B422F1ED9500A65C40 /* PBXTargetDependency */ = {
			isa = PBXTargetDependency;
			target = 18E2719A22F1ED9300A65C40 /* UNbias */;
			targetProxy = 18E271B322F1ED9500A65C40 /* PBXContainerItemProxy */;
		};
		18E271BF22F1ED9500A65C40 /* PBXTargetDependency */ = {
			isa = PBXTargetDependency;
			target = 18E2719A22F1ED9300A65C40 /* UNbias */;
			targetProxy = 18E271BE22F1ED9500A65C40 /* PBXContainerItemProxy */;
		};
/* End PBXTargetDependency section */

/* Begin PBXVariantGroup section */
		18E271A222F1ED9300A65C40 /* Main.storyboard */ = {
			isa = PBXVariantGroup;
			children = (
				18E271A322F1ED9300A65C40 /* Base */,
			);
			name = Main.storyboard;
			sourceTree = "<group>";
		};
		18E271AA22F1ED9500A65C40 /* LaunchScreen.storyboard */ = {
			isa = PBXVariantGroup;
			children = (
				18E271AB22F1ED9500A65C40 /* Base */,
			);
			name = LaunchScreen.storyboard;
			sourceTree = "<group>";
		};
/* End PBXVariantGroup section */

/* Begin XCBuildConfiguration section */
		18E271C422F1ED9500A65C40 /* Debug */ = {
			isa = XCBuildConfiguration;
			buildSettings = {
				ALWAYS_SEARCH_USER_PATHS = NO;
				CLANG_ANALYZER_NONNULL = YES;
				CLANG_ANALYZER_NUMBER_OBJECT_CONVERSION = YES_AGGRESSIVE;
				CLANG_CXX_LANGUAGE_STANDARD = "gnu++14";
				CLANG_CXX_LIBRARY = "libc++";
				CLANG_ENABLE_MODULES = YES;
				CLANG_ENABLE_OBJC_ARC = YES;
				CLANG_ENABLE_OBJC_WEAK = YES;
				CLANG_WARN_BLOCK_CAPTURE_AUTORELEASING = YES;
				CLANG_WARN_BOOL_CONVERSION = YES;
				CLANG_WARN_COMMA = YES;
				CLANG_WARN_CONSTANT_CONVERSION = YES;
				CLANG_WARN_DEPRECATED_OBJC_IMPLEMENTATIONS = YES;
				CLANG_WARN_DIRECT_OBJC_ISA_USAGE = YES_ERROR;
				CLANG_WARN_DOCUMENTATION_COMMENTS = YES;
				CLANG_WARN_EMPTY_BODY = YES;
				CLANG_WARN_ENUM_CONVERSION = YES;
				CLANG_WARN_INFINITE_RECURSION = YES;
				CLANG_WARN_INT_CONVERSION = YES;
				CLANG_WARN_NON_LITERAL_NULL_CONVERSION = YES;
				CLANG_WARN_OBJC_IMPLICIT_RETAIN_SELF = YES;
				CLANG_WARN_OBJC_LITERAL_CONVERSION = YES;
				CLANG_WARN_OBJC_ROOT_CLASS = YES_ERROR;
				CLANG_WARN_RANGE_LOOP_ANALYSIS = YES;
				CLANG_WARN_STRICT_PROTOTYPES = YES;
				CLANG_WARN_SUSPICIOUS_MOVE = YES;
				CLANG_WARN_UNGUARDED_AVAILABILITY = YES_AGGRESSIVE;
				CLANG_WARN_UNREACHABLE_CODE = YES;
				CLANG_WARN__DUPLICATE_METHOD_MATCH = YES;
				CODE_SIGN_IDENTITY = "iPhone Developer";
				COPY_PHASE_STRIP = NO;
				DEBUG_INFORMATION_FORMAT = dwarf;
				ENABLE_STRICT_OBJC_MSGSEND = YES;
				ENABLE_TESTABILITY = YES;
				GCC_C_LANGUAGE_STANDARD = gnu11;
				GCC_DYNAMIC_NO_PIC = NO;
				GCC_NO_COMMON_BLOCKS = YES;
				GCC_OPTIMIZATION_LEVEL = 0;
				GCC_PREPROCESSOR_DEFINITIONS = (
					"DEBUG=1",
					"$(inherited)",
				);
				GCC_WARN_64_TO_32_BIT_CONVERSION = YES;
				GCC_WARN_ABOUT_RETURN_TYPE = YES_ERROR;
				GCC_WARN_UNDECLARED_SELECTOR = YES;
				GCC_WARN_UNINITIALIZED_AUTOS = YES_AGGRESSIVE;
				GCC_WARN_UNUSED_FUNCTION = YES;
				GCC_WARN_UNUSED_VARIABLE = YES;
				IPHONEOS_DEPLOYMENT_TARGET = 12.2;
				MTL_ENABLE_DEBUG_INFO = INCLUDE_SOURCE;
				MTL_FAST_MATH = YES;
				ONLY_ACTIVE_ARCH = YES;
				SDKROOT = iphoneos;
				SWIFT_ACTIVE_COMPILATION_CONDITIONS = DEBUG;
				SWIFT_OPTIMIZATION_LEVEL = "-Onone";
			};
			name = Debug;
		};
		18E271C522F1ED9500A65C40 /* Release */ = {
			isa = XCBuildConfiguration;
			buildSettings = {
				ALWAYS_SEARCH_USER_PATHS = NO;
				CLANG_ANALYZER_NONNULL = YES;
				CLANG_ANALYZER_NUMBER_OBJECT_CONVERSION = YES_AGGRESSIVE;
				CLANG_CXX_LANGUAGE_STANDARD = "gnu++14";
				CLANG_CXX_LIBRARY = "libc++";
				CLANG_ENABLE_MODULES = YES;
				CLANG_ENABLE_OBJC_ARC = YES;
				CLANG_ENABLE_OBJC_WEAK = YES;
				CLANG_WARN_BLOCK_CAPTURE_AUTORELEASING = YES;
				CLANG_WARN_BOOL_CONVERSION = YES;
				CLANG_WARN_COMMA = YES;
				CLANG_WARN_CONSTANT_CONVERSION = YES;
				CLANG_WARN_DEPRECATED_OBJC_IMPLEMENTATIONS = YES;
				CLANG_WARN_DIRECT_OBJC_ISA_USAGE = YES_ERROR;
				CLANG_WARN_DOCUMENTATION_COMMENTS = YES;
				CLANG_WARN_EMPTY_BODY = YES;
				CLANG_WARN_ENUM_CONVERSION = YES;
				CLANG_WARN_INFINITE_RECURSION = YES;
				CLANG_WARN_INT_CONVERSION = YES;
				CLANG_WARN_NON_LITERAL_NULL_CONVERSION = YES;
				CLANG_WARN_OBJC_IMPLICIT_RETAIN_SELF = YES;
				CLANG_WARN_OBJC_LITERAL_CONVERSION = YES;
				CLANG_WARN_OBJC_ROOT_CLASS = YES_ERROR;
				CLANG_WARN_RANGE_LOOP_ANALYSIS = YES;
				CLANG_WARN_STRICT_PROTOTYPES = YES;
				CLANG_WARN_SUSPICIOUS_MOVE = YES;
				CLANG_WARN_UNGUARDED_AVAILABILITY = YES_AGGRESSIVE;
				CLANG_WARN_UNREACHABLE_CODE = YES;
				CLANG_WARN__DUPLICATE_METHOD_MATCH = YES;
				CODE_SIGN_IDENTITY = "iPhone Developer";
				COPY_PHASE_STRIP = NO;
				DEBUG_INFORMATION_FORMAT = "dwarf-with-dsym";
				ENABLE_NS_ASSERTIONS = NO;
				ENABLE_STRICT_OBJC_MSGSEND = YES;
				GCC_C_LANGUAGE_STANDARD = gnu11;
				GCC_NO_COMMON_BLOCKS = YES;
				GCC_WARN_64_TO_32_BIT_CONVERSION = YES;
				GCC_WARN_ABOUT_RETURN_TYPE = YES_ERROR;
				GCC_WARN_UNDECLARED_SELECTOR = YES;
				GCC_WARN_UNINITIALIZED_AUTOS = YES_AGGRESSIVE;
				GCC_WARN_UNUSED_FUNCTION = YES;
				GCC_WARN_UNUSED_VARIABLE = YES;
				IPHONEOS_DEPLOYMENT_TARGET = 12.2;
				MTL_ENABLE_DEBUG_INFO = NO;
				MTL_FAST_MATH = YES;
				SDKROOT = iphoneos;
				SWIFT_COMPILATION_MODE = wholemodule;
				SWIFT_OPTIMIZATION_LEVEL = "-O";
				VALIDATE_PRODUCT = YES;
			};
			name = Release;
		};
		18E271C722F1ED9500A65C40 /* Debug */ = {
			isa = XCBuildConfiguration;
			buildSettings = {
				ASSETCATALOG_COMPILER_APPICON_NAME = AppIcon;
				CODE_SIGN_STYLE = Automatic;
				DEVELOPMENT_TEAM = SHG9FSQW26;
				INFOPLIST_FILE = UNbias/Info.plist;
				LD_RUNPATH_SEARCH_PATHS = (
					"$(inherited)",
					"@executable_path/Frameworks",
				);
				PRODUCT_BUNDLE_IDENTIFIER = MDL.UNbias;
				PRODUCT_NAME = "$(TARGET_NAME)";
				SWIFT_VERSION = 5.0;
				TARGETED_DEVICE_FAMILY = "1,2";
			};
			name = Debug;
		};
		18E271C822F1ED9500A65C40 /* Release */ = {
			isa = XCBuildConfiguration;
			buildSettings = {
				ASSETCATALOG_COMPILER_APPICON_NAME = AppIcon;
				CODE_SIGN_STYLE = Automatic;
				DEVELOPMENT_TEAM = SHG9FSQW26;
				INFOPLIST_FILE = UNbias/Info.plist;
				LD_RUNPATH_SEARCH_PATHS = (
					"$(inherited)",
					"@executable_path/Frameworks",
				);
				PRODUCT_BUNDLE_IDENTIFIER = MDL.UNbias;
				PRODUCT_NAME = "$(TARGET_NAME)";
				SWIFT_VERSION = 5.0;
				TARGETED_DEVICE_FAMILY = "1,2";
			};
			name = Release;
		};
		18E271CA22F1ED9500A65C40 /* Debug */ = {
			isa = XCBuildConfiguration;
			buildSettings = {
				ALWAYS_EMBED_SWIFT_STANDARD_LIBRARIES = YES;
				BUNDLE_LOADER = "$(TEST_HOST)";
				CODE_SIGN_STYLE = Automatic;
				INFOPLIST_FILE = UNbiasTests/Info.plist;
				LD_RUNPATH_SEARCH_PATHS = (
					"$(inherited)",
					"@executable_path/Frameworks",
					"@loader_path/Frameworks",
				);
				PRODUCT_BUNDLE_IDENTIFIER = MDL.UNbiasTests;
				PRODUCT_NAME = "$(TARGET_NAME)";
				SWIFT_VERSION = 5.0;
				TARGETED_DEVICE_FAMILY = "1,2";
				TEST_HOST = "$(BUILT_PRODUCTS_DIR)/UNbias.app/UNbias";
			};
			name = Debug;
		};
		18E271CB22F1ED9500A65C40 /* Release */ = {
			isa = XCBuildConfiguration;
			buildSettings = {
				ALWAYS_EMBED_SWIFT_STANDARD_LIBRARIES = YES;
				BUNDLE_LOADER = "$(TEST_HOST)";
				CODE_SIGN_STYLE = Automatic;
				INFOPLIST_FILE = UNbiasTests/Info.plist;
				LD_RUNPATH_SEARCH_PATHS = (
					"$(inherited)",
					"@executable_path/Frameworks",
					"@loader_path/Frameworks",
				);
				PRODUCT_BUNDLE_IDENTIFIER = MDL.UNbiasTests;
				PRODUCT_NAME = "$(TARGET_NAME)";
				SWIFT_VERSION = 5.0;
				TARGETED_DEVICE_FAMILY = "1,2";
				TEST_HOST = "$(BUILT_PRODUCTS_DIR)/UNbias.app/UNbias";
			};
			name = Release;
		};
		18E271CD22F1ED9500A65C40 /* Debug */ = {
			isa = XCBuildConfiguration;
			buildSettings = {
				ALWAYS_EMBED_SWIFT_STANDARD_LIBRARIES = YES;
				CODE_SIGN_STYLE = Automatic;
				INFOPLIST_FILE = UNbiasUITests/Info.plist;
				LD_RUNPATH_SEARCH_PATHS = (
					"$(inherited)",
					"@executable_path/Frameworks",
					"@loader_path/Frameworks",
				);
				PRODUCT_BUNDLE_IDENTIFIER = MDL.UNbiasUITests;
				PRODUCT_NAME = "$(TARGET_NAME)";
				SWIFT_VERSION = 5.0;
				TARGETED_DEVICE_FAMILY = "1,2";
				TEST_TARGET_NAME = UNbias;
			};
			name = Debug;
		};
		18E271CE22F1ED9500A65C40 /* Release */ = {
			isa = XCBuildConfiguration;
			buildSettings = {
				ALWAYS_EMBED_SWIFT_STANDARD_LIBRARIES = YES;
				CODE_SIGN_STYLE = Automatic;
				INFOPLIST_FILE = UNbiasUITests/Info.plist;
				LD_RUNPATH_SEARCH_PATHS = (
					"$(inherited)",
					"@executable_path/Frameworks",
					"@loader_path/Frameworks",
				);
				PRODUCT_BUNDLE_IDENTIFIER = MDL.UNbiasUITests;
				PRODUCT_NAME = "$(TARGET_NAME)";
				SWIFT_VERSION = 5.0;
				TARGETED_DEVICE_FAMILY = "1,2";
				TEST_TARGET_NAME = UNbias;
			};
			name = Release;
		};
/* End XCBuildConfiguration section */

/* Begin XCConfigurationList section */
		18E2719622F1ED9300A65C40 /* Build configuration list for PBXProject "UNbias" */ = {
			isa = XCConfigurationList;
			buildConfigurations = (
				18E271C422F1ED9500A65C40 /* Debug */,
				18E271C522F1ED9500A65C40 /* Release */,
			);
			defaultConfigurationIsVisible = 0;
			defaultConfigurationName = Release;
		};
		18E271C622F1ED9500A65C40 /* Build configuration list for PBXNativeTarget "UNbias" */ = {
			isa = XCConfigurationList;
			buildConfigurations = (
				18E271C722F1ED9500A65C40 /* Debug */,
				18E271C822F1ED9500A65C40 /* Release */,
			);
			defaultConfigurationIsVisible = 0;
			defaultConfigurationName = Release;
		};
		18E271C922F1ED9500A65C40 /* Build configuration list for PBXNativeTarget "UNbiasTests" */ = {
			isa = XCConfigurationList;
			buildConfigurations = (
				18E271CA22F1ED9500A65C40 /* Debug */,
				18E271CB22F1ED9500A65C40 /* Release */,
			);
			defaultConfigurationIsVisible = 0;
			defaultConfigurationName = Release;
		};
		18E271CC22F1ED9500A65C40 /* Build configuration list for PBXNativeTarget "UNbiasUITests" */ = {
			isa = XCConfigurationList;
			buildConfigurations = (
				18E271CD22F1ED9500A65C40 /* Debug */,
				18E271CE22F1ED9500A65C40 /* Release */,
			);
			defaultConfigurationIsVisible = 0;
			defaultConfigurationName = Release;
		};
/* End XCConfigurationList section */

/* Begin XCVersionGroup section */
		18E271A522F1ED9300A65C40 /* UNbias.xcdatamodeld */ = {
			isa = XCVersionGroup;
			children = (
				18E271A622F1ED9300A65C40 /* UNbias.xcdatamodel */,
			);
			currentVersion = 18E271A622F1ED9300A65C40 /* UNbias.xcdatamodel */;
			path = UNbias.xcdatamodeld;
			sourceTree = "<group>";
			versionGroupType = wrapper.xcdatamodel;
		};
/* End XCVersionGroup section */
	};
	rootObject = 18E2719322F1ED9300A65C40 /* Project object */;
}
